
Microsoft Visual Studio Solution File, Format Version 12.00
# Visual Studio 15
VisualStudioVersion = 15.0.28307.168
MinimumVisualStudioVersion = 10.0.40219.1
Project("{9A19103F-16F7-4668-BE54-9A1E7A4F7556}") = "Notificator", "Notificator\Notificator.csproj", "{D530953F-1682-4D9F-A85B-889125100981}"
EndProject
Project("{9A19103F-16F7-4668-BE54-9A1E7A4F7556}") = "Notificator.Tests", "Notificator.Tests\Notificator.Tests.csproj", "{1949DE07-A14C-450B-BB21-827B781A06B2}"
EndProject
Global
	GlobalSection(SolutionConfigurationPlatforms) = preSolution
		Debug|Any CPU = Debug|Any CPU
		Release|Any CPU = Release|Any CPU
	EndGlobalSection
	GlobalSection(ProjectConfigurationPlatforms) = postSolution
		{D530953F-1682-4D9F-A85B-889125100981}.Debug|Any CPU.ActiveCfg = Debug|Any CPU
		{D530953F-1682-4D9F-A85B-889125100981}.Debug|Any CPU.Build.0 = Debug|Any CPU
		{D530953F-1682-4D9F-A85B-889125100981}.Release|Any CPU.ActiveCfg = Release|Any CPU
		{D530953F-1682-4D9F-A85B-889125100981}.Release|Any CPU.Build.0 = Release|Any CPU
		{1949DE07-A14C-450B-BB21-827B781A06B2}.Debug|Any CPU.ActiveCfg = Debug|Any CPU
		{1949DE07-A14C-450B-BB21-827B781A06B2}.Debug|Any CPU.Build.0 = Debug|Any CPU
		{1949DE07-A14C-450B-BB21-827B781A06B2}.Release|Any CPU.ActiveCfg = Release|Any CPU
		{1949DE07-A14C-450B-BB21-827B781A06B2}.Release|Any CPU.Build.0 = Release|Any CPU
	EndGlobalSection
	GlobalSection(SolutionProperties) = preSolution
		HideSolutionNode = FALSE
	EndGlobalSection
	GlobalSection(ExtensibilityGlobals) = postSolution
		SolutionGuid = {42234E1A-D225-4A4C-88C3-4656DC1EE326}
	EndGlobalSection
EndGlobal
